
Microsoft Visual Studio Solution File, Format Version 10.00
# Visual Studio 2008
Project("{FAE04EC0-301F-11D3-BF4B-00C04F79EFBC}") = "Barcode", "Barcode.csproj", "{E6CC35F5-D649-41C2-8FAF-83DB1426C49D}"
EndProject
Global
	GlobalSection(SolutionConfigurationPlatforms) = preSolution
		Debug|Any CPU = Debug|Any CPU
		Release|Any CPU = Release|Any CPU
	EndGlobalSection
	GlobalSection(ProjectConfigurationPlatforms) = postSolution
		{E6CC35F5-D649-41C2-8FAF-83DB1426C49D}.Debug|Any CPU.ActiveCfg = Release|Any CPU
		{E6CC35F5-D649-41C2-8FAF-83DB1426C49D}.Debug|Any CPU.Build.0 = Release|Any CPU
		{E6CC35F5-D649-41C2-8FAF-83DB1426C49D}.Release|Any CPU.ActiveCfg = Release|Any CPU
		{E6CC35F5-D649-41C2-8FAF-83DB1426C49D}.Release|Any CPU.Build.0 = Release|Any CPU
	EndGlobalSection
	GlobalSection(SolutionProperties) = preSolution
		HideSolutionNode = FALSE
	EndGlobalSection
EndGlobal
